
Microsoft Visual Studio Solution File, Format Version 12.00
# Visual Studio Version 17
VisualStudioVersion = 17.5.002.0
MinimumVisualStudioVersion = 10.0.40219.1
Project("{9A19103F-16F7-4668-BE54-9A1E7A4F7556}") = "async-await", "async-await\async-await.csproj", "{A222D48F-3C19-4EC3-BB31-37F94E4A0DFF}"
EndProject
Global
	GlobalSection(SolutionConfigurationPlatforms) = preSolution
		Debug|Any CPU = Debug|Any CPU
		Release|Any CPU = Release|Any CPU
	EndGlobalSection
	GlobalSection(ProjectConfigurationPlatforms) = postSolution
		{A222D48F-3C19-4EC3-BB31-37F94E4A0DFF}.Debug|Any CPU.ActiveCfg = Debug|Any CPU
		{A222D48F-3C19-4EC3-BB31-37F94E4A0DFF}.Debug|Any CPU.Build.0 = Debug|Any CPU
		{A222D48F-3C19-4EC3-BB31-37F94E4A0DFF}.Release|Any CPU.ActiveCfg = Release|Any CPU
		{A222D48F-3C19-4EC3-BB31-37F94E4A0DFF}.Release|Any CPU.Build.0 = Release|Any CPU
	EndGlobalSection
	GlobalSection(SolutionProperties) = preSolution
		HideSolutionNode = FALSE
	EndGlobalSection
	GlobalSection(ExtensibilityGlobals) = postSolution
		SolutionGuid = {3D8C0E30-BAE2-4173-B707-933326F49B01}
	EndGlobalSection
EndGlobal
